
Microsoft Visual Studio Solution File, Format Version 12.00
# Visual Studio Version 17
VisualStudioVersion = 17.2.32616.157
MinimumVisualStudioVersion = 10.0.40219.1
Project("{FAE04EC0-301F-11D3-BF4B-00C04F79EFBC}") = "MediaLooksTest", "MediaLooksTest\MediaLooksTest.csproj", "{31D40993-AA08-4912-9B57-C633648B845B}"
EndProject
Global
	GlobalSection(SolutionConfigurationPlatforms) = preSolution
		Debug|Any CPU = Debug|Any CPU
		Release|Any CPU = Release|Any CPU
	EndGlobalSection
	GlobalSection(ProjectConfigurationPlatforms) = postSolution
		{31D40993-AA08-4912-9B57-C633648B845B}.Debug|Any CPU.ActiveCfg = Debug|Any CPU
		{31D40993-AA08-4912-9B57-C633648B845B}.Debug|Any CPU.Build.0 = Debug|Any CPU
		{31D40993-AA08-4912-9B57-C633648B845B}.Release|Any CPU.ActiveCfg = Release|Any CPU
		{31D40993-AA08-4912-9B57-C633648B845B}.Release|Any CPU.Build.0 = Release|Any CPU
	EndGlobalSection
	GlobalSection(SolutionProperties) = preSolution
		HideSolutionNode = FALSE
	EndGlobalSection
	GlobalSection(ExtensibilityGlobals) = postSolution
		SolutionGuid = {1446D4E5-9DFF-40C3-B002-34EACA09F60C}
	EndGlobalSection
EndGlobal
